PODS:
  - camera_avfoundation (0.0.1):
    - Flutter
  - connectivity_plus (0.0.1):
    - Flutter
    - ReachabilitySwift
  - Flutter (1.0.0)
  - geolocator_apple (1.2.0):
    - Flutter
  - path_provider_foundation (0.0.1):
    - Flutter
    - FlutterMacOS
  - ReachabilitySwift (5.2.4)
  - url_launcher_ios (0.0.1):
    - Flutter

DEPENDENCIES:
  - camera_avfoundation (from `.symlinks/plugins/camera_avfoundation/ios`)
  - connectivity_plus (from `.symlinks/plugins/connectivity_plus/ios`)
  - Flutter (from `Flutter`)
  - geolocator_apple (from `.symlinks/plugins/geolocator_apple/ios`)
  - path_provider_foundation (from `.symlinks/plugins/path_provider_foundation/darwin`)
  - url_launcher_ios (from `.symlinks/plugins/url_launcher_ios/ios`)

SPEC REPOS:
  trunk:
    - ReachabilitySwift

EXTERNAL SOURCES:
  camera_avfoundation:
    :path: ".symlinks/plugins/camera_avfoundation/ios"
  connectivity_plus:
    :path: ".symlinks/plugins/connectivity_plus/ios"
  Flutter:
    :path: Flutter
  geolocator_apple:
    :path: ".symlinks/plugins/geolocator_apple/ios"
  path_provider_foundation:
    :path: ".symlinks/plugins/path_provider_foundation/darwin"
  url_launcher_ios:
    :path: ".symlinks/plugins/url_launcher_ios/ios"

SPEC CHECKSUMS:
  camera_avfoundation: 04b44aeb14070126c6529e5ab82cc7c9fca107cf
  connectivity_plus: 481668c94744c30c53b8895afb39159d1e619bdf
  Flutter: e0871f40cf51350855a761d2e70bf5af5b9b5de7
  geolocator_apple: 1560c3c875af2a412242c7a923e15d0d401966ff
  path_provider_foundation: 080d55be775b7414fd5a5ef3ac137b97b097e564
  ReachabilitySwift: 32793e867593cfc1177f5d16491e3a197d2fccda
  url_launcher_ios: 694010445543906933d732453a59da0a173ae33d

PODFILE CHECKSUM: b517438f4bd60824579872e49a46a67d6f19ffb9

COCOAPODS: 1.16.2
